uuid: cc767e46-bb98-4fb3-9f17-2467afd68d05
langcode: en
status: true
dependencies:
  content:
    - 'block_content:follow_block:cf999bf0-4020-4ea6-8002-8cc058ab7a06'
  module:
    - block_content
  theme:
    - digital_foundation
id: testfollowblock
theme: digital_foundation
region: footer
weight: 0
provider: null
plugin: 'block_content:cf999bf0-4020-4ea6-8002-8cc058ab7a06'
settings:
  id: 'block_content:cf999bf0-4020-4ea6-8002-8cc058ab7a06'
  label: 'Test Follow Block'
  provider: block_content
  label_display: visible
  status: true
  info: ''
  view_mode: full
visibility: {  }
