uuid: 8ae81dc6-6d1c-4fa9-a17d-67f87c7d8913
langcode: en
status: true
dependencies:
  module:
    - block_content
    - file
    - image
id: block_content.field_hero_image_block
field_name: field_hero_image_block
entity_type: block_content
type: image
settings:
  uri_scheme: public
  default_image:
    uuid: ''
    alt: ''
    title: ''
    width: null
    height: null
  target_type: file
  display_field: false
  display_default: false
module: image
locked: false
cardinality: 1
translatable: true
indexes: {  }
persist_with_no_fields: false
custom_storage: false
